
Microsoft Visual Studio Solution File, Format Version 12.00
# Visual Studio Version 17
VisualStudioVersion = 17.2.32630.192
MinimumVisualStudioVersion = 10.0.40219.1
Project("{9A19103F-16F7-4668-BE54-9A1E7A4F7556}") = "R5T.T0223", "R5T.T0223\R5T.T0223.csproj", "{829F49EC-0327-4FC1-94C5-04F6274A460A}"
EndProject
Project("{2150E333-8FDC-42A3-9474-1A3956D46DE8}") = "_Dependencies", "_Dependencies", "{242AA564-A085-4C82-B82F-1669D6E1A143}"
EndProject
Project("{9A19103F-16F7-4668-BE54-9A1E7A4F7556}") = "R5T.T0143", "..\..\R5T.T0143\source\R5T.T0143\R5T.T0143.csproj", "{0F6F68C8-738B-43C6-B433-861028C790E8}"
EndProject
Global
	GlobalSection(NestedProjects) = preSolution
		{0F6F68C8-738B-43C6-B433-861028C790E8} = {242AA564-A085-4C82-B82F-1669D6E1A143}
	EndGlobalSection
	GlobalSection(SolutionConfigurationPlatforms) = preSolution
		Debug|Any CPU = Debug|Any CPU
		Release|Any CPU = Release|Any CPU
	EndGlobalSection
	GlobalSection(ProjectConfigurationPlatforms) = postSolution
		{829F49EC-0327-4FC1-94C5-04F6274A460A}.Debug|Any CPU.ActiveCfg = Debug|Any CPU
		{829F49EC-0327-4FC1-94C5-04F6274A460A}.Debug|Any CPU.Build.0 = Debug|Any CPU
		{829F49EC-0327-4FC1-94C5-04F6274A460A}.Release|Any CPU.ActiveCfg = Release|Any CPU
		{829F49EC-0327-4FC1-94C5-04F6274A460A}.Release|Any CPU.Build.0 = Release|Any CPU
		{0F6F68C8-738B-43C6-B433-861028C790E8}.Debug|Any CPU.ActiveCfg = Debug|Any CPU
		{0F6F68C8-738B-43C6-B433-861028C790E8}.Debug|Any CPU.Build.0 = Debug|Any CPU
		{0F6F68C8-738B-43C6-B433-861028C790E8}.Release|Any CPU.ActiveCfg = Release|Any CPU
		{0F6F68C8-738B-43C6-B433-861028C790E8}.Release|Any CPU.Build.0 = Release|Any CPU
	EndGlobalSection
	GlobalSection(SolutionProperties) = preSolution
		HideSolutionNode = FALSE
	EndGlobalSection
	GlobalSection(ExtensibilityGlobals) = postSolution
		SolutionGuid = {62099815-EF87-4356-82F7-8B731C5BEF72}
	EndGlobalSection
EndGlobal
